
Microsoft Visual Studio Solution File, Format Version 12.00
# Visual Studio Version 17
VisualStudioVersion = 17.0.31903.59
MinimumVisualStudioVersion = 10.0.40219.1
Project("{FAE04EC0-301F-11D3-BF4B-00C04F79EFBC}") = "ConsoleApp", "ConsoleApp\ConsoleApp.csproj", "{0F56452F-3630-4EF8-A02A-3B305AC315B1}"
EndProject
Project("{FAE04EC0-301F-11D3-BF4B-00C04F79EFBC}") = "Domain", "Domain\Domain.csproj", "{1360F29E-ED93-4ABD-9B1F-0E455245C423}"
EndProject
Project("{FAE04EC0-301F-11D3-BF4B-00C04F79EFBC}") = "Infrastucture", "Infrastucture\Infrastucture.csproj", "{D115A0E5-4742-4820-9909-ACA1EABCB86E}"
EndProject
Global
	GlobalSection(SolutionConfigurationPlatforms) = preSolution
		Debug|Any CPU = Debug|Any CPU
		Release|Any CPU = Release|Any CPU
	EndGlobalSection
	GlobalSection(SolutionProperties) = preSolution
		HideSolutionNode = FALSE
	EndGlobalSection
	GlobalSection(ProjectConfigurationPlatforms) = postSolution
		{0F56452F-3630-4EF8-A02A-3B305AC315B1}.Debug|Any CPU.ActiveCfg = Debug|Any CPU
		{0F56452F-3630-4EF8-A02A-3B305AC315B1}.Debug|Any CPU.Build.0 = Debug|Any CPU
		{0F56452F-3630-4EF8-A02A-3B305AC315B1}.Release|Any CPU.ActiveCfg = Release|Any CPU
		{0F56452F-3630-4EF8-A02A-3B305AC315B1}.Release|Any CPU.Build.0 = Release|Any CPU
		{1360F29E-ED93-4ABD-9B1F-0E455245C423}.Debug|Any CPU.ActiveCfg = Debug|Any CPU
		{1360F29E-ED93-4ABD-9B1F-0E455245C423}.Debug|Any CPU.Build.0 = Debug|Any CPU
		{1360F29E-ED93-4ABD-9B1F-0E455245C423}.Release|Any CPU.ActiveCfg = Release|Any CPU
		{1360F29E-ED93-4ABD-9B1F-0E455245C423}.Release|Any CPU.Build.0 = Release|Any CPU
		{D115A0E5-4742-4820-9909-ACA1EABCB86E}.Debug|Any CPU.ActiveCfg = Debug|Any CPU
		{D115A0E5-4742-4820-9909-ACA1EABCB86E}.Debug|Any CPU.Build.0 = Debug|Any CPU
		{D115A0E5-4742-4820-9909-ACA1EABCB86E}.Release|Any CPU.ActiveCfg = Release|Any CPU
		{D115A0E5-4742-4820-9909-ACA1EABCB86E}.Release|Any CPU.Build.0 = Release|Any CPU
	EndGlobalSection
EndGlobal
